
Microsoft Visual Studio Solution File, Format Version 12.00
# Visual Studio Version 17
VisualStudioVersion = 17.3.32811.315
MinimumVisualStudioVersion = 10.0.40219.1
Project("{FAE04EC0-301F-11D3-BF4B-00C04F79EFBC}") = "MusalaTestAspNet.Server", "MusalaTestAspNet\Server\MusalaTestAspNet.Server.csproj", "{BFEAFE00-DBE1-406C-8436-208D24EB3A0A}"
EndProject
Project("{FAE04EC0-301F-11D3-BF4B-00C04F79EFBC}") = "MusalaTestAspNet.Client", "MusalaTestAspNet\Client\MusalaTestAspNet.Client.csproj", "{B70ED433-8C9A-4B10-A6D5-AD0B1A9E4E0C}"
EndProject
Project("{FAE04EC0-301F-11D3-BF4B-00C04F79EFBC}") = "MusalaTestAspNet.Shared", "MusalaTestAspNet\Shared\MusalaTestAspNet.Shared.csproj", "{D4D71DC8-25A4-49F8-96C6-4F549178A52B}"
EndProject
Global
	GlobalSection(SolutionConfigurationPlatforms) = preSolution
		Debug|Any CPU = Debug|Any CPU
		Release|Any CPU = Release|Any CPU
	EndGlobalSection
	GlobalSection(ProjectConfigurationPlatforms) = postSolution
		{BFEAFE00-DBE1-406C-8436-208D24EB3A0A}.Debug|Any CPU.ActiveCfg = Debug|Any CPU
		{BFEAFE00-DBE1-406C-8436-208D24EB3A0A}.Debug|Any CPU.Build.0 = Debug|Any CPU
		{BFEAFE00-DBE1-406C-8436-208D24EB3A0A}.Release|Any CPU.ActiveCfg = Release|Any CPU
		{BFEAFE00-DBE1-406C-8436-208D24EB3A0A}.Release|Any CPU.Build.0 = Release|Any CPU
		{B70ED433-8C9A-4B10-A6D5-AD0B1A9E4E0C}.Debug|Any CPU.ActiveCfg = Debug|Any CPU
		{B70ED433-8C9A-4B10-A6D5-AD0B1A9E4E0C}.Debug|Any CPU.Build.0 = Debug|Any CPU
		{B70ED433-8C9A-4B10-A6D5-AD0B1A9E4E0C}.Release|Any CPU.ActiveCfg = Release|Any CPU
		{B70ED433-8C9A-4B10-A6D5-AD0B1A9E4E0C}.Release|Any CPU.Build.0 = Release|Any CPU
		{D4D71DC8-25A4-49F8-96C6-4F549178A52B}.Debug|Any CPU.ActiveCfg = Debug|Any CPU
		{D4D71DC8-25A4-49F8-96C6-4F549178A52B}.Debug|Any CPU.Build.0 = Debug|Any CPU
		{D4D71DC8-25A4-49F8-96C6-4F549178A52B}.Release|Any CPU.ActiveCfg = Release|Any CPU
		{D4D71DC8-25A4-49F8-96C6-4F549178A52B}.Release|Any CPU.Build.0 = Release|Any CPU
	EndGlobalSection
	GlobalSection(SolutionProperties) = preSolution
		HideSolutionNode = FALSE
	EndGlobalSection
	GlobalSection(ExtensibilityGlobals) = postSolution
		SolutionGuid = {A3A10FAE-577D-4DB2-92E4-99BC11FDB91D}
	EndGlobalSection
EndGlobal
